<?xml version="1.0" encoding="utf-8"?>
<Project ToolsVersion="4.0" xmlns="http://schemas.microsoft.com/developer/msbuild/2003">
  <ItemGroup>
    <ClCompile Include="Xe_Main.cpp" />
    <ClCompile Include="Core\NAND\NAND.cpp">
      <Filter>Core\NAND</Filter>
    </ClCompile>
    <ClCompile Include="Core\RAM\RAM.cpp">
      <Filter>Core\RAM</Filter>
    </ClCompile>
    <ClCompile Include="Core\XCPU\Interpreter\PPC_ALU.cpp">
      <Filter>Core\XCPU\Interpreter</Filter>
    </ClCompile>
    <ClCompile Include="Core\XCPU\Interpreter\Interpreter_Helpers.cpp">
      <Filter>Core\XCPU\Interpreter</Filter>
    </ClCompile>
    <ClCompile Include="Core\XCPU\Interpreter\PPC_Instruction.cpp">
      <Filter>Core\XCPU\Interpreter</Filter>
    </ClCompile>
    <ClCompile Include="Core\XCPU\Interpreter\PPC_System.cpp">
      <Filter>Core\XCPU\Interpreter</Filter>
    </ClCompile>
    <ClCompile Include="Core\XCPU\Interpreter\PPC_BC.cpp">
      <Filter>Core\XCPU\Interpreter</Filter>
    </ClCompile>
    <ClCompile Include="Core\XCPU\Interpreter\PPC_MMU.cpp">
      <Filter>Core\XCPU\Interpreter</Filter>
    </ClCompile>
    <ClCompile Include="Core\XCPU\Interpreter\PPC_LS.cpp">
      <Filter>Core\XCPU\Interpreter</Filter>
    </ClCompile>
    <ClCompile Include="Core\XCPU\Interpreter\PPCInterpreter.cpp">
      <Filter>Core\XCPU\Interpreter</Filter>
    </ClCompile>
    <ClCompile Include="Core\XCPU\PPU\PPU.cpp">
      <Filter>Core\XCPU\PPU</Filter>
    </ClCompile>
    <ClCompile Include="Core\XCPU\Xenon.cpp">
      <Filter>Core\XCPU</Filter>
    </ClCompile>
    <ClCompile Include="Core\XCPU\XenonReservations.cpp">
      <Filter>Core\XCPU</Filter>
    </ClCompile>
    <ClCompile Include="Core\RootBus\RootBus.cpp">
      <Filter>Core\RootBus</Filter>
    </ClCompile>
    <ClCompile Include="Core\RootBus\HostBridge\PCIBridge\PCIBridge.cpp">
      <Filter>Core\RootBus\HostBridge\PCIBridge</Filter>
    </ClCompile>
    <ClCompile Include="Core\RootBus\HostBridge\PCIBridge\CDROM\CDROM.cpp">
      <Filter>Core\RootBus\HostBridge\PCIBridge\CDROM</Filter>
    </ClCompile>
    <ClCompile Include="Core\RootBus\HostBridge\PCIBridge\HDD\HDD.cpp">
      <Filter>Core\RootBus\HostBridge\PCIBridge\HDD</Filter>
    </ClCompile>
    <ClCompile Include="Core\RootBus\HostBridge\PCIBridge\SFCX\SFCX.cpp">
      <Filter>Core\RootBus\HostBridge\PCIBridge\SFCX</Filter>
    </ClCompile>
    <ClCompile Include="Core\RootBus\HostBridge\PCIBridge\XMA\XMA.cpp">
      <Filter>Core\RootBus\HostBridge\PCIBridge\XMA</Filter>
    </ClCompile>
    <ClCompile Include="Core\RootBus\HostBridge\PCIBridge\SMC\SMC.cpp">
      <Filter>Core\RootBus\HostBridge\PCIBridge\SMC</Filter>
    </ClCompile>
    <ClCompile Include="Core\RootBus\HostBridge\HostBridge.cpp">
      <Filter>Core\RootBus\HostBridge</Filter>
    </ClCompile>
    <ClCompile Include="Core\RootBus\HostBridge\XGPU\XGPU.cpp">
      <Filter>Core\RootBus\HostBridge\XGPU</Filter>
    </ClCompile>
    <ClCompile Include="Core\XCPU\PostBus\PostBus.cpp">
      <Filter>Core\XCPU\PostBus</Filter>
    </ClCompile>
    <ClCompile Include="Core\XCPU\IIC\IIC.cpp">
      <Filter>Core\XCPU\IIC</Filter>
    </ClCompile>
    <ClCompile Include="Core\RootBus\HostBridge\PCIBridge\ETHERNET\Ethernet.cpp">
      <Filter>Core\RootBus\HostBridge\PCIBridge\ETHERNET</Filter>
    </ClCompile>
    <ClCompile Include="Core\RootBus\HostBridge\PCIBridge\EHCI0\EHCI0.cpp">
      <Filter>Core\RootBus\HostBridge\PCIBridge\EHCI0</Filter>
    </ClCompile>
    <ClCompile Include="Core\RootBus\HostBridge\PCIBridge\AUDIOCTRLLR\AudioController.cpp">
      <Filter>Core\RootBus\HostBridge\PCIBridge\AUDIOCTRLLR</Filter>
    </ClCompile>
    <ClCompile Include="Core\RootBus\HostBridge\PCIBridge\EHCI1\EHCI1.cpp">
      <Filter>Core\RootBus\HostBridge\PCIBridge\EHCI1</Filter>
    </ClCompile>
    <ClCompile Include="Core\RootBus\HostBridge\PCIBridge\OHCI1\OHCI1.cpp">
      <Filter>Core\RootBus\HostBridge\PCIBridge\OHCI1</Filter>
    </ClCompile>
    <ClCompile Include="Core\RootBus\HostBridge\PCIBridge\OHCI0\OHCI0.cpp">
      <Filter>Core\RootBus\HostBridge\PCIBridge\OHCI0</Filter>
    </ClCompile>
  </ItemGroup>
  <ItemGroup>
    <Filter Include="Base">
      <UniqueIdentifier>{2bee9b27-9a5b-4f99-aa23-7b4e87159d1a}</UniqueIdentifier>
    </Filter>
    <Filter Include="Core">
      <UniqueIdentifier>{9a27fc1f-92d0-48b2-956b-6fd2640b7a73}</UniqueIdentifier>
    </Filter>
    <Filter Include="Core\XCPU">
      <UniqueIdentifier>{d2bb3d28-f252-4888-9ee2-9f69929ebae2}</UniqueIdentifier>
    </Filter>
    <Filter Include="Core\NAND">
      <UniqueIdentifier>{cc95a832-703f-44c9-8117-542dbc81ac25}</UniqueIdentifier>
    </Filter>
    <Filter Include="Core\RAM">
      <UniqueIdentifier>{66bf2a3b-096c-445d-ae45-55fcf1b22f54}</UniqueIdentifier>
    </Filter>
    <Filter Include="Core\XCPU\Interpreter">
      <UniqueIdentifier>{c7c1f968-10b9-4130-a365-0dbf1985db7c}</UniqueIdentifier>
    </Filter>
    <Filter Include="Core\XCPU\PPU">
      <UniqueIdentifier>{748ba388-e417-4af6-819e-b9abf824ad47}</UniqueIdentifier>
    </Filter>
    <Filter Include="Core\RootBus">
      <UniqueIdentifier>{e65b2d6f-6d63-49f5-917a-7b9105898614}</UniqueIdentifier>
    </Filter>
    <Filter Include="Core\RootBus\HostBridge">
      <UniqueIdentifier>{6a7ac5fd-8a34-49d3-abe6-db73bf78bf1b}</UniqueIdentifier>
    </Filter>
    <Filter Include="Core\RootBus\HostBridge\PCIBridge">
      <UniqueIdentifier>{90b9d984-aa96-412c-a585-2ce8f817e348}</UniqueIdentifier>
    </Filter>
    <Filter Include="Core\RootBus\HostBridge\PCIBridge\CDROM">
      <UniqueIdentifier>{1db8a2a2-358a-4115-b178-0507d599715a}</UniqueIdentifier>
    </Filter>
    <Filter Include="Core\RootBus\HostBridge\PCIBridge\HDD">
      <UniqueIdentifier>{90081b32-1ef4-4069-8d00-5f396933abf9}</UniqueIdentifier>
    </Filter>
    <Filter Include="Core\RootBus\HostBridge\PCIBridge\SFCX">
      <UniqueIdentifier>{a9e967b7-bdef-49f0-8e0f-63bb6dadbbc9}</UniqueIdentifier>
    </Filter>
    <Filter Include="Core\RootBus\HostBridge\PCIBridge\SMC">
      <UniqueIdentifier>{7b25e70f-c53b-4455-9003-d59ed2aa2db9}</UniqueIdentifier>
    </Filter>
    <Filter Include="Core\RootBus\HostBridge\PCIBridge\XMA">
      <UniqueIdentifier>{88773577-e871-4edf-acc0-90e3bdb6a6cd}</UniqueIdentifier>
    </Filter>
    <Filter Include="Core\RootBus\HostBridge\XGPU">
      <UniqueIdentifier>{a29c4aee-12cd-42ec-a697-b3d1d1b8390e}</UniqueIdentifier>
    </Filter>
    <Filter Include="Core\XCPU\PostBus">
      <UniqueIdentifier>{b2a07eb8-fe4f-4664-a1aa-1f62ed9349b3}</UniqueIdentifier>
    </Filter>
    <Filter Include="Core\XCPU\IIC">
      <UniqueIdentifier>{34211e63-eb6a-46a8-b757-aea1aee920a7}</UniqueIdentifier>
    </Filter>
    <Filter Include="Core\RootBus\HostBridge\PCIBridge\ETHERNET">
      <UniqueIdentifier>{c87ccec5-6200-409c-87b8-f6495500c4b4}</UniqueIdentifier>
    </Filter>
    <Filter Include="Core\RootBus\HostBridge\PCIBridge\AUDIOCTRLLR">
      <UniqueIdentifier>{bb96e463-3a5a-44a1-8d8d-b3167422dd24}</UniqueIdentifier>
    </Filter>
    <Filter Include="Core\RootBus\HostBridge\PCIBridge\OHCI0">
      <UniqueIdentifier>{5187b2a0-b3c6-482a-8100-16a31d02c8ff}</UniqueIdentifier>
    </Filter>
    <Filter Include="Core\RootBus\HostBridge\PCIBridge\EHCI0">
      <UniqueIdentifier>{a84aeb3a-c027-4ca8-a7af-1fd809505e50}</UniqueIdentifier>
    </Filter>
    <Filter Include="Core\RootBus\HostBridge\PCIBridge\EHCI1">
      <UniqueIdentifier>{a991a132-01d9-4174-b0a9-c765beb6d67b}</UniqueIdentifier>
    </Filter>
    <Filter Include="Core\RootBus\HostBridge\PCIBridge\OHCI1">
      <UniqueIdentifier>{ddde28b3-071d-44eb-a939-9bf9b6e5b25b}</UniqueIdentifier>
    </Filter>
  </ItemGroup>
  <ItemGroup>
    <ClInclude Include="Base\TypeDefs.h">
      <Filter>Base</Filter>
    </ClInclude>
    <ClInclude Include="Core\NAND\NAND.h">
      <Filter>Core\NAND</Filter>
    </ClInclude>
    <ClInclude Include="Base\SystemDevice.h">
      <Filter>Base</Filter>
    </ClInclude>
    <ClInclude Include="Core\RAM\RAM.h">
      <Filter>Core\RAM</Filter>
    </ClInclude>
    <ClInclude Include="Core\XCPU\Interpreter\PPCInterpreter.h">
      <Filter>Core\XCPU\Interpreter</Filter>
    </ClInclude>
    <ClInclude Include="Core\XCPU\Interpreter\PPCInternal.h">
      <Filter>Core\XCPU\Interpreter</Filter>
    </ClInclude>
    <ClInclude Include="Core\XCPU\Interpreter\PPC_Instruction.h">
      <Filter>Core\XCPU\Interpreter</Filter>
    </ClInclude>
    <ClInclude Include="Core\XCPU\eFuse.h">
      <Filter>Core\XCPU</Filter>
    </ClInclude>
    <ClInclude Include="Core\XCPU\Xenon.h">
      <Filter>Core\XCPU</Filter>
    </ClInclude>
    <ClInclude Include="Core\XCPU\PPU\PowerPC.h">
      <Filter>Core\XCPU\PPU</Filter>
    </ClInclude>
    <ClInclude Include="Core\XCPU\PPU\PPU.h">
      <Filter>Core\XCPU\PPU</Filter>
    </ClInclude>
    <ClInclude Include="Core\XCPU\XenonReservations.h">
      <Filter>Core\XCPU</Filter>
    </ClInclude>
    <ClInclude Include="Core\RootBus\RootBus.h">
      <Filter>Core\RootBus</Filter>
    </ClInclude>
    <ClInclude Include="Core\RootBus\HostBridge\PCIBridge\PCIBridge.h">
      <Filter>Core\RootBus\HostBridge\PCIBridge</Filter>
    </ClInclude>
    <ClInclude Include="Core\RootBus\HostBridge\PCIBridge\PCIBridgeConfig.h">
      <Filter>Core\RootBus\HostBridge\PCIBridge</Filter>
    </ClInclude>
    <ClInclude Include="Core\RootBus\HostBridge\PCIBridge\PCIDevice.h">
      <Filter>Core\RootBus\HostBridge\PCIBridge</Filter>
    </ClInclude>
    <ClInclude Include="Core\RootBus\HostBridge\PCIBridge\CDROM\CDROM.h">
      <Filter>Core\RootBus\HostBridge\PCIBridge\CDROM</Filter>
    </ClInclude>
    <ClInclude Include="Core\RootBus\HostBridge\PCIBridge\HDD\HDD.h">
      <Filter>Core\RootBus\HostBridge\PCIBridge\HDD</Filter>
    </ClInclude>
    <ClInclude Include="Core\RootBus\HostBridge\PCIBridge\SFCX\SFCX.h">
      <Filter>Core\RootBus\HostBridge\PCIBridge\SFCX</Filter>
    </ClInclude>
    <ClInclude Include="Core\RootBus\HostBridge\PCIBridge\XMA\XMA.h">
      <Filter>Core\RootBus\HostBridge\PCIBridge\XMA</Filter>
    </ClInclude>
    <ClInclude Include="Core\RootBus\HostBridge\PCIBridge\SMC\HANA_State.h">
      <Filter>Core\RootBus\HostBridge\PCIBridge\SMC</Filter>
    </ClInclude>
    <ClInclude Include="Core\RootBus\HostBridge\PCIBridge\SMC\SMC.h">
      <Filter>Core\RootBus\HostBridge\PCIBridge\SMC</Filter>
    </ClInclude>
    <ClInclude Include="Core\RootBus\HostBridge\HostBridge.h">
      <Filter>Core\RootBus\HostBridge</Filter>
    </ClInclude>
    <ClInclude Include="Core\RootBus\HostBridge\XGPU\XGPU.h">
      <Filter>Core\RootBus\HostBridge\XGPU</Filter>
    </ClInclude>
    <ClInclude Include="Core\RootBus\HostBridge\XGPU\XGPUConfig.h">
      <Filter>Core\RootBus\HostBridge\XGPU</Filter>
    </ClInclude>
    <ClInclude Include="Core\XCPU\PostBus\PostBus.h">
      <Filter>Core\XCPU\PostBus</Filter>
    </ClInclude>
    <ClInclude Include="Core\XCPU\IIC\IIC.h">
      <Filter>Core\XCPU\IIC</Filter>
    </ClInclude>
    <ClInclude Include="Core\RootBus\HostBridge\PCIBridge\SMC\SMC_Config.h">
      <Filter>Core\RootBus\HostBridge\PCIBridge\SMC</Filter>
    </ClInclude>
    <ClInclude Include="Core\RootBus\HostBridge\PCIe.h">
      <Filter>Core\RootBus\HostBridge</Filter>
    </ClInclude>
    <ClInclude Include="Core\RootBus\HostBridge\PCIBridge\ETHERNET\Ethernet.h">
      <Filter>Core\RootBus\HostBridge\PCIBridge\ETHERNET</Filter>
    </ClInclude>
    <ClInclude Include="Core\RootBus\HostBridge\PCIBridge\AUDIOCTRLLR\AudioController.h">
      <Filter>Core\RootBus\HostBridge\PCIBridge\AUDIOCTRLLR</Filter>
    </ClInclude>
    <ClInclude Include="Core\RootBus\HostBridge\PCIBridge\OHCI0\OHCI0.h">
      <Filter>Core\RootBus\HostBridge\PCIBridge\OHCI0</Filter>
    </ClInclude>
    <ClInclude Include="Core\RootBus\HostBridge\PCIBridge\OHCI1\OHCI1.h">
      <Filter>Core\RootBus\HostBridge\PCIBridge\OHCI1</Filter>
    </ClInclude>
    <ClInclude Include="Core\RootBus\HostBridge\PCIBridge\EHCI1\EHCI1.h">
      <Filter>Core\RootBus\HostBridge\PCIBridge\EHCI1</Filter>
    </ClInclude>
    <ClInclude Include="Core\RootBus\HostBridge\PCIBridge\EHCI0\EHCI0.h">
      <Filter>Core\RootBus\HostBridge\PCIBridge\EHCI0</Filter>
    </ClInclude>
  </ItemGroup>
</Project>